
Microsoft Visual Studio Solution File, Format Version 12.00
# Visual Studio 15
VisualStudioVersion = 15.0.28010.2048
MinimumVisualStudioVersion = 10.0.40219.1
Project("{FAE04EC0-301F-11D3-BF4B-00C04F79EFBC}") = "WebSystems", "WebSystems\WebSystems.csproj", "{21A9C3BE-2A12-4D83-B6C8-7E12E0F06A1A}"
EndProject
Project("{FAE04EC0-301F-11D3-BF4B-00C04F79EFBC}") = "HonestMarkStoreControl", "HMS\HonestMarkStoreControl.csproj", "{C06E4F35-E893-45CD-904A-82527F17DFC8}"
EndProject
Project("{FAE04EC0-301F-11D3-BF4B-00C04F79EFBC}") = "Cryptography", "Cryptography\Cryptography.csproj", "{A588206C-C730-4867-990E-6396C75B758F}"
EndProject
Project("{FAE04EC0-301F-11D3-BF4B-00C04F79EFBC}") = "UtilitesLibrary", "UtilitesLibrary\UtilitesLibrary.csproj", "{28EC5958-4F6D-440B-BD0F-324DC93BBFC8}"
EndProject
Project("{FAE04EC0-301F-11D3-BF4B-00C04F79EFBC}") = "ConfigSet", "ConfigSet\ConfigSet.csproj", "{13AC179A-BF1F-4D0D-871C-E8E0BC0911D4}"
EndProject
Project("{FAE04EC0-301F-11D3-BF4B-00C04F79EFBC}") = "HmsTests", "HmsTests\HmsTests.csproj", "{A6C586F8-5ADB-4E43-B2FD-850330536F44}"
EndProject
Project("{FAE04EC0-301F-11D3-BF4B-00C04F79EFBC}") = "DataContextManagementUnit", "DataContextManagementUnit\DataContextManagementUnit.csproj", "{05620572-AB35-4F90-99E7-5504BB4B7D57}"
EndProject
Project("{FAE04EC0-301F-11D3-BF4B-00C04F79EFBC}") = "Reporter", "Reporter\Reporter.csproj", "{E2D943FA-8F50-4DE9-80BB-B91B4FAD8DE2}"
EndProject
Project("{FAE04EC0-301F-11D3-BF4B-00C04F79EFBC}") = "OmsCodesMakerApp", "OmsQrCodesMakerApp\OmsCodesMakerApp.csproj", "{74F428EF-60E6-4C5F-B487-3A31F31254D1}"
EndProject
Global
	GlobalSection(SolutionConfigurationPlatforms) = preSolution
		Debug|Any CPU = Debug|Any CPU
		Release|Any CPU = Release|Any CPU
	EndGlobalSection
	GlobalSection(ProjectConfigurationPlatforms) = postSolution
		{21A9C3BE-2A12-4D83-B6C8-7E12E0F06A1A}.Debug|Any CPU.ActiveCfg = Debug|Any CPU
		{21A9C3BE-2A12-4D83-B6C8-7E12E0F06A1A}.Debug|Any CPU.Build.0 = Debug|Any CPU
		{21A9C3BE-2A12-4D83-B6C8-7E12E0F06A1A}.Release|Any CPU.ActiveCfg = Release|Any CPU
		{21A9C3BE-2A12-4D83-B6C8-7E12E0F06A1A}.Release|Any CPU.Build.0 = Release|Any CPU
		{C06E4F35-E893-45CD-904A-82527F17DFC8}.Debug|Any CPU.ActiveCfg = Debug|Any CPU
		{C06E4F35-E893-45CD-904A-82527F17DFC8}.Debug|Any CPU.Build.0 = Debug|Any CPU
		{C06E4F35-E893-45CD-904A-82527F17DFC8}.Release|Any CPU.ActiveCfg = Release|Any CPU
		{C06E4F35-E893-45CD-904A-82527F17DFC8}.Release|Any CPU.Build.0 = Release|Any CPU
		{A588206C-C730-4867-990E-6396C75B758F}.Debug|Any CPU.ActiveCfg = Debug|Any CPU
		{A588206C-C730-4867-990E-6396C75B758F}.Debug|Any CPU.Build.0 = Debug|Any CPU
		{A588206C-C730-4867-990E-6396C75B758F}.Release|Any CPU.ActiveCfg = Release|Any CPU
		{A588206C-C730-4867-990E-6396C75B758F}.Release|Any CPU.Build.0 = Release|Any CPU
		{28EC5958-4F6D-440B-BD0F-324DC93BBFC8}.Debug|Any CPU.ActiveCfg = Debug|Any CPU
		{28EC5958-4F6D-440B-BD0F-324DC93BBFC8}.Debug|Any CPU.Build.0 = Debug|Any CPU
		{28EC5958-4F6D-440B-BD0F-324DC93BBFC8}.Release|Any CPU.ActiveCfg = Release|Any CPU
		{28EC5958-4F6D-440B-BD0F-324DC93BBFC8}.Release|Any CPU.Build.0 = Release|Any CPU
		{13AC179A-BF1F-4D0D-871C-E8E0BC0911D4}.Debug|Any CPU.ActiveCfg = Debug|Any CPU
		{13AC179A-BF1F-4D0D-871C-E8E0BC0911D4}.Debug|Any CPU.Build.0 = Debug|Any CPU
		{13AC179A-BF1F-4D0D-871C-E8E0BC0911D4}.Release|Any CPU.ActiveCfg = Release|Any CPU
		{13AC179A-BF1F-4D0D-871C-E8E0BC0911D4}.Release|Any CPU.Build.0 = Release|Any CPU
		{A6C586F8-5ADB-4E43-B2FD-850330536F44}.Debug|Any CPU.ActiveCfg = Debug|Any CPU
		{A6C586F8-5ADB-4E43-B2FD-850330536F44}.Debug|Any CPU.Build.0 = Debug|Any CPU
		{A6C586F8-5ADB-4E43-B2FD-850330536F44}.Release|Any CPU.ActiveCfg = Release|Any CPU
		{A6C586F8-5ADB-4E43-B2FD-850330536F44}.Release|Any CPU.Build.0 = Release|Any CPU
		{05620572-AB35-4F90-99E7-5504BB4B7D57}.Debug|Any CPU.ActiveCfg = Debug|Any CPU
		{05620572-AB35-4F90-99E7-5504BB4B7D57}.Debug|Any CPU.Build.0 = Debug|Any CPU
		{05620572-AB35-4F90-99E7-5504BB4B7D57}.Release|Any CPU.ActiveCfg = Release|Any CPU
		{05620572-AB35-4F90-99E7-5504BB4B7D57}.Release|Any CPU.Build.0 = Release|Any CPU
		{E2D943FA-8F50-4DE9-80BB-B91B4FAD8DE2}.Debug|Any CPU.ActiveCfg = Debug|Any CPU
		{E2D943FA-8F50-4DE9-80BB-B91B4FAD8DE2}.Debug|Any CPU.Build.0 = Debug|Any CPU
		{E2D943FA-8F50-4DE9-80BB-B91B4FAD8DE2}.Release|Any CPU.ActiveCfg = Release|Any CPU
		{E2D943FA-8F50-4DE9-80BB-B91B4FAD8DE2}.Release|Any CPU.Build.0 = Release|Any CPU
		{74F428EF-60E6-4C5F-B487-3A31F31254D1}.Debug|Any CPU.ActiveCfg = Debug|Any CPU
		{74F428EF-60E6-4C5F-B487-3A31F31254D1}.Debug|Any CPU.Build.0 = Debug|Any CPU
		{74F428EF-60E6-4C5F-B487-3A31F31254D1}.Release|Any CPU.ActiveCfg = Release|Any CPU
		{74F428EF-60E6-4C5F-B487-3A31F31254D1}.Release|Any CPU.Build.0 = Release|Any CPU
	EndGlobalSection
	GlobalSection(SolutionProperties) = preSolution
		HideSolutionNode = FALSE
	EndGlobalSection
	GlobalSection(ExtensibilityGlobals) = postSolution
		SolutionGuid = {E96510AB-B286-4C1E-8FF7-80C317E7F93E}
	EndGlobalSection
EndGlobal
